
Microsoft Visual Studio Solution File, Format Version 12.00
# Visual Studio 15
VisualStudioVersion = 15.0.27428.2002
MinimumVisualStudioVersion = 10.0.40219.1
Project("{FAE04EC0-301F-11D3-BF4B-00C04F79EFBC}") = "UserCenter.WebApi", "UserCenter.WebApi\UserCenter.WebApi.csproj", "{501E48CF-0A09-4510-A275-0180D4638A37}"
EndProject
Project("{FAE04EC0-301F-11D3-BF4B-00C04F79EFBC}") = "UserCenter.Services", "UserCenter.Services\UserCenter.Services.csproj", "{1FE8B2F5-E07E-49B1-836F-C7DD9074FD92}"
EndProject
Project("{FAE04EC0-301F-11D3-BF4B-00C04F79EFBC}") = "UserCenter.IServices", "UserCenter.IServices\UserCenter.IServices.csproj", "{FD4B6E9B-A4B8-4F39-ACCF-885CDF98706B}"
EndProject
Project("{FAE04EC0-301F-11D3-BF4B-00C04F79EFBC}") = "UserCenter.DTO", "UserCenter.DTO\UserCenter.DTO.csproj", "{2BF87303-1FF5-4C6A-9B5D-B1A8600AFE39}"
EndProject
Global
	GlobalSection(SolutionConfigurationPlatforms) = preSolution
		Debug|Any CPU = Debug|Any CPU
		Release|Any CPU = Release|Any CPU
	EndGlobalSection
	GlobalSection(ProjectConfigurationPlatforms) = postSolution
		{501E48CF-0A09-4510-A275-0180D4638A37}.Debug|Any CPU.ActiveCfg = Debug|Any CPU
		{501E48CF-0A09-4510-A275-0180D4638A37}.Debug|Any CPU.Build.0 = Debug|Any CPU
		{501E48CF-0A09-4510-A275-0180D4638A37}.Release|Any CPU.ActiveCfg = Release|Any CPU
		{501E48CF-0A09-4510-A275-0180D4638A37}.Release|Any CPU.Build.0 = Release|Any CPU
		{1FE8B2F5-E07E-49B1-836F-C7DD9074FD92}.Debug|Any CPU.ActiveCfg = Debug|Any CPU
		{1FE8B2F5-E07E-49B1-836F-C7DD9074FD92}.Debug|Any CPU.Build.0 = Debug|Any CPU
		{1FE8B2F5-E07E-49B1-836F-C7DD9074FD92}.Release|Any CPU.ActiveCfg = Release|Any CPU
		{1FE8B2F5-E07E-49B1-836F-C7DD9074FD92}.Release|Any CPU.Build.0 = Release|Any CPU
		{FD4B6E9B-A4B8-4F39-ACCF-885CDF98706B}.Debug|Any CPU.ActiveCfg = Debug|Any CPU
		{FD4B6E9B-A4B8-4F39-ACCF-885CDF98706B}.Debug|Any CPU.Build.0 = Debug|Any CPU
		{FD4B6E9B-A4B8-4F39-ACCF-885CDF98706B}.Release|Any CPU.ActiveCfg = Release|Any CPU
		{FD4B6E9B-A4B8-4F39-ACCF-885CDF98706B}.Release|Any CPU.Build.0 = Release|Any CPU
		{2BF87303-1FF5-4C6A-9B5D-B1A8600AFE39}.Debug|Any CPU.ActiveCfg = Debug|Any CPU
		{2BF87303-1FF5-4C6A-9B5D-B1A8600AFE39}.Debug|Any CPU.Build.0 = Debug|Any CPU
		{2BF87303-1FF5-4C6A-9B5D-B1A8600AFE39}.Release|Any CPU.ActiveCfg = Release|Any CPU
		{2BF87303-1FF5-4C6A-9B5D-B1A8600AFE39}.Release|Any CPU.Build.0 = Release|Any CPU
	EndGlobalSection
	GlobalSection(SolutionProperties) = preSolution
		HideSolutionNode = FALSE
	EndGlobalSection
	GlobalSection(ExtensibilityGlobals) = postSolution
		SolutionGuid = {31E16213-7C6A-4E9C-846E-70AC31110187}
	EndGlobalSection
EndGlobal
